
Microsoft Visual Studio Solution File, Format Version 12.00
# Visual Studio Version 16
VisualStudioVersion = 16.0.30717.126
MinimumVisualStudioVersion = 10.0.40219.1
Project("{FAE04EC0-301F-11D3-BF4B-00C04F79EFBC}") = "DesignPatternImplementation", "DesignPatternImplementation.csproj", "{9194F4CE-F226-4CC3-B5BC-E4494F14F529}"
EndProject
Global
	GlobalSection(SolutionConfigurationPlatforms) = preSolution
		Debug|Any CPU = Debug|Any CPU
		Release|Any CPU = Release|Any CPU
	EndGlobalSection
	GlobalSection(ProjectConfigurationPlatforms) = postSolution
		{9194F4CE-F226-4CC3-B5BC-E4494F14F529}.Debug|Any CPU.ActiveCfg = Debug|Any CPU
		{9194F4CE-F226-4CC3-B5BC-E4494F14F529}.Debug|Any CPU.Build.0 = Debug|Any CPU
		{9194F4CE-F226-4CC3-B5BC-E4494F14F529}.Release|Any CPU.ActiveCfg = Release|Any CPU
		{9194F4CE-F226-4CC3-B5BC-E4494F14F529}.Release|Any CPU.Build.0 = Release|Any CPU
	EndGlobalSection
	GlobalSection(SolutionProperties) = preSolution
		HideSolutionNode = FALSE
	EndGlobalSection
	GlobalSection(ExtensibilityGlobals) = postSolution
		SolutionGuid = {78158ECF-062F-4064-99B4-8CC545EF3446}
	EndGlobalSection
EndGlobal
